// !$*UTF8*$!
{
	archiveVersion = 1;
	classes = {
	};
	objectVersion = 50;
	objects = {

/* Begin PBXBuildFile section */
		5E06F2B424ED661D0030BFE6 /* Shared.xcdatamodeld in Sources */ = {isa = PBXBuildFile; fileRef = 5E06F29E24ED661C0030BFE6 /* Shared.xcdatamodeld */; };
		5E06F2B524ED661D0030BFE6 /* Shared.xcdatamodeld in Sources */ = {isa = PBXBuildFile; fileRef = 5E06F29E24ED661C0030BFE6 /* Shared.xcdatamodeld */; };
		5E06F2B624ED661D0030BFE6 /* Bricking_ItApp.swift in Sources */ = {isa = PBXBuildFile; fileRef = 5E06F2A024ED661C0030BFE6 /* Bricking_ItApp.swift */; };
		5E06F2B724ED661D0030BFE6 /* Bricking_ItApp.swift in Sources */ = {isa = PBXBuildFile; fileRef = 5E06F2A024ED661C0030BFE6 /* Bricking_ItApp.swift */; };
		5E06F2B824ED661D0030BFE6 /* ThemeList.swift in Sources */ = {isa = PBXBuildFile; fileRef = 5E06F2A124ED661C0030BFE6 /* ThemeList.swift */; };
		5E06F2B924ED661D0030BFE6 /* ThemeList.swift in Sources */ = {isa = PBXBuildFile; fileRef = 5E06F2A124ED661C0030BFE6 /* ThemeList.swift */; };
		5E06F2BA24ED661D0030BFE6 /* Persistence.swift in Sources */ = {isa = PBXBuildFile; fileRef = 5E06F2A224ED661C0030BFE6 /* Persistence.swift */; };
		5E06F2BB24ED661D0030BFE6 /* Persistence.swift in Sources */ = {isa = PBXBuildFile; fileRef = 5E06F2A224ED661C0030BFE6 /* Persistence.swift */; };
		5E06F2BC24ED661D0030BFE6 /* Assets.xcassets in Resources */ = {isa = PBXBuildFile; fileRef = 5E06F2A324ED661D0030BFE6 /* Assets.xcassets */; };
		5E06F2BD24ED661D0030BFE6 /* Assets.xcassets in Resources */ = {isa = PBXBuildFile; fileRef = 5E06F2A324ED661D0030BFE6 /* Assets.xcassets */; };
		5E06F2CA24EDD2130030BFE6 /* SetList.swift in Sources */ = {isa = PBXBuildFile; fileRef = 5E06F2C924EDD2130030BFE6 /* SetList.swift */; };
/* End PBXBuildFile section */

/* Begin PBXFileReference section */
		5E06F29F24ED661C0030BFE6 /* Shared.xcdatamodel */ = {isa = PBXFileReference; lastKnownFileType = wrapper.xcdatamodel; path = Shared.xcdatamodel; sourceTree = "<group>"; };
		5E06F2A024ED661C0030BFE6 /* Bricking_ItApp.swift */ = {isa = PBXFileReference; lastKnownFileType = sourcecode.swift; path = Bricking_ItApp.swift; sourceTree = "<group>"; };
		5E06F2A124ED661C0030BFE6 /* ThemeList.swift */ = {isa = PBXFileReference; lastKnownFileType = sourcecode.swift; path = ThemeList.swift; sourceTree = "<group>"; };
		5E06F2A224ED661C0030BFE6 /* Persistence.swift */ = {isa = PBXFileReference; lastKnownFileType = sourcecode.swift; path = Persistence.swift; sourceTree = "<group>"; };
		5E06F2A324ED661D0030BFE6 /* Assets.xcassets */ = {isa = PBXFileReference; lastKnownFileType = folder.assetcatalog; path = Assets.xcassets; sourceTree = "<group>"; };
		5E06F2A824ED661D0030BFE6 /* Bricking It.app */ = {isa = PBXFileReference; explicitFileType = wrapper.application; includeInIndex = 0; path = "Bricking It.app"; sourceTree = BUILT_PRODUCTS_DIR; };
		5E06F2AB24ED661D0030BFE6 /* Info.plist */ = {isa = PBXFileReference; lastKnownFileType = text.plist.xml; path = Info.plist; sourceTree = "<group>"; };
		5E06F2B024ED661D0030BFE6 /* Bricking It.app */ = {isa = PBXFileReference; explicitFileType = wrapper.application; includeInIndex = 0; path = "Bricking It.app"; sourceTree = BUILT_PRODUCTS_DIR; };
		5E06F2B224ED661D0030BFE6 /* Info.plist */ = {isa = PBXFileReference; lastKnownFileType = text.plist.xml; path = Info.plist; sourceTree = "<group>"; };
		5E06F2B324ED661D0030BFE6 /* macOS.entitlements */ = {isa = PBXFileReference; lastKnownFileType = text.plist.entitlements; path = macOS.entitlements; sourceTree = "<group>"; };
		5E06F2C924EDD2130030BFE6 /* SetList.swift */ = {isa = PBXFileReference; lastKnownFileType = sourcecode.swift; path = SetList.swift; sourceTree = "<group>"; };
/* End PBXFileReference section */

/* Begin PBXFrameworksBuildPhase section */
		5E06F2A524ED661D0030BFE6 /* Frameworks */ = {
			isa = PBXFrameworksBuildPhase;
			buildActionMask = 2147483647;
			files = (
			);
			runOnlyForDeploymentPostprocessing = 0;
		};
		5E06F2AD24ED661D0030BFE6 /* Frameworks */ = {
			isa = PBXFrameworksBuildPhase;
			buildActionMask = 2147483647;
			files = (
			);
			runOnlyForDeploymentPostprocessing = 0;
		};
/* End PBXFrameworksBuildPhase section */

/* Begin PBXGroup section */
		5E06F29824ED661C0030BFE6 = {
			isa = PBXGroup;
			children = (
				5E06F29D24ED661C0030BFE6 /* Shared */,
				5E06F2AA24ED661D0030BFE6 /* iOS */,
				5E06F2B124ED661D0030BFE6 /* macOS */,
				5E06F2A924ED661D0030BFE6 /* Products */,
			);
			sourceTree = "<group>";
		};
		5E06F29D24ED661C0030BFE6 /* Shared */ = {
			isa = PBXGroup;
			children = (
				5E06F2C624EDA6650030BFE6 /* Models */,
				5E06F2A024ED661C0030BFE6 /* Bricking_ItApp.swift */,
				5E06F2A124ED661C0030BFE6 /* ThemeList.swift */,
				5E06F2C924EDD2130030BFE6 /* SetList.swift */,
				5E06F2A224ED661C0030BFE6 /* Persistence.swift */,
				5E06F2A324ED661D0030BFE6 /* Assets.xcassets */,
				5E06F29E24ED661C0030BFE6 /* Shared.xcdatamodeld */,
			);
			path = Shared;
			sourceTree = "<group>";
		};
		5E06F2A924ED661D0030BFE6 /* Products */ = {
			isa = PBXGroup;
			children = (
				5E06F2A824ED661D0030BFE6 /* Bricking It.app */,
				5E06F2B024ED661D0030BFE6 /* Bricking It.app */,
			);
			name = Products;
			sourceTree = "<group>";
		};
		5E06F2AA24ED661D0030BFE6 /* iOS */ = {
			isa = PBXGroup;
			children = (
				5E06F2AB24ED661D0030BFE6 /* Info.plist */,
			);
			path = iOS;
			sourceTree = "<group>";
		};
		5E06F2B124ED661D0030BFE6 /* macOS */ = {
			isa = PBXGroup;
			children = (
				5E06F2B224ED661D0030BFE6 /* Info.plist */,
				5E06F2B324ED661D0030BFE6 /* macOS.entitlements */,
			);
			path = macOS;
			sourceTree = "<group>";
		};
		5E06F2C624EDA6650030BFE6 /* Models */ = {
			isa = PBXGroup;
			children = (
			);
			path = Models;
			sourceTree = "<group>";
		};
/* End PBXGroup section */

/* Begin PBXNativeTarget section */
		5E06F2A724ED661D0030BFE6 /* Bricking It (iOS) */ = {
			isa = PBXNativeTarget;
			buildConfigurationList = 5E06F2C024ED661D0030BFE6 /* Build configuration list for PBXNativeTarget "Bricking It (iOS)" */;
			buildPhases = (
				5E06F2A424ED661D0030BFE6 /* Sources */,
				5E06F2A524ED661D0030BFE6 /* Frameworks */,
				5E06F2A624ED661D0030BFE6 /* Resources */,
			);
			buildRules = (
			);
			dependencies = (
			);
			name = "Bricking It (iOS)";
			productName = "Bricking It (iOS)";
			productReference = 5E06F2A824ED661D0030BFE6 /* Bricking It.app */;
			productType = "com.apple.product-type.application";
		};
		5E06F2AF24ED661D0030BFE6 /* Bricking It (macOS) */ = {
			isa = PBXNativeTarget;
			buildConfigurationList = 5E06F2C324ED661D0030BFE6 /* Build configuration list for PBXNativeTarget "Bricking It (macOS)" */;
			buildPhases = (
				5E06F2AC24ED661D0030BFE6 /* Sources */,
				5E06F2AD24ED661D0030BFE6 /* Frameworks */,
				5E06F2AE24ED661D0030BFE6 /* Resources */,
			);
			buildRules = (
			);
			dependencies = (
			);
			name = "Bricking It (macOS)";
			productName = "Bricking It (macOS)";
			productReference = 5E06F2B024ED661D0030BFE6 /* Bricking It.app */;
			productType = "com.apple.product-type.application";
		};
/* End PBXNativeTarget section */

/* Begin PBXProject section */
		5E06F29924ED661C0030BFE6 /* Project object */ = {
			isa = PBXProject;
			attributes = {
				LastSwiftUpdateCheck = 1200;
				LastUpgradeCheck = 1200;
				TargetAttributes = {
					5E06F2A724ED661D0030BFE6 = {
						CreatedOnToolsVersion = 12.0;
					};
					5E06F2AF24ED661D0030BFE6 = {
						CreatedOnToolsVersion = 12.0;
					};
				};
			};
			buildConfigurationList = 5E06F29C24ED661C0030BFE6 /* Build configuration list for PBXProject "Bricking It" */;
			compatibilityVersion = "Xcode 9.3";
			developmentRegion = en;
			hasScannedForEncodings = 0;
			knownRegions = (
				en,
				Base,
			);
			mainGroup = 5E06F29824ED661C0030BFE6;
			productRefGroup = 5E06F2A924ED661D0030BFE6 /* Products */;
			projectDirPath = "";
			projectRoot = "";
			targets = (
				5E06F2A724ED661D0030BFE6 /* Bricking It (iOS) */,
				5E06F2AF24ED661D0030BFE6 /* Bricking It (macOS) */,
			);
		};
/* End PBXProject section */

/* Begin PBXResourcesBuildPhase section */
		5E06F2A624ED661D0030BFE6 /* Resources */ = {
			isa = PBXResourcesBuildPhase;
			buildActionMask = 2147483647;
			files = (
				5E06F2BC24ED661D0030BFE6 /* Assets.xcassets in Resources */,
			);
			runOnlyForDeploymentPostprocessing = 0;
		};
		5E06F2AE24ED661D0030BFE6 /* Resources */ = {
			isa = PBXResourcesBuildPhase;
			buildActionMask = 2147483647;
			files = (
				5E06F2BD24ED661D0030BFE6 /* Assets.xcassets in Resources */,
			);
			runOnlyForDeploymentPostprocessing = 0;
		};
/* End PBXResourcesBuildPhase section */

/* Begin PBXSourcesBuildPhase section */
		5E06F2A424ED661D0030BFE6 /* Sources */ = {
			isa = PBXSourcesBuildPhase;
			buildActionMask = 2147483647;
			files = (
				5E06F2B424ED661D0030BFE6 /* Shared.xcdatamodeld in Sources */,
				5E06F2BA24ED661D0030BFE6 /* Persistence.swift in Sources */,
				5E06F2CA24EDD2130030BFE6 /* SetList.swift in Sources */,
				5E06F2B624ED661D0030BFE6 /* Bricking_ItApp.swift in Sources */,
				5E06F2B824ED661D0030BFE6 /* ThemeList.swift in Sources */,
			);
			runOnlyForDeploymentPostprocessing = 0;
		};
		5E06F2AC24ED661D0030BFE6 /* Sources */ = {
			isa = PBXSourcesBuildPhase;
			buildActionMask = 2147483647;
			files = (
				5E06F2B524ED661D0030BFE6 /* Shared.xcdatamodeld in Sources */,
				5E06F2BB24ED661D0030BFE6 /* Persistence.swift in Sources */,
				5E06F2B724ED661D0030BFE6 /* Bricking_ItApp.swift in Sources */,
				5E06F2B924ED661D0030BFE6 /* ThemeList.swift in Sources */,
			);
			runOnlyForDeploymentPostprocessing = 0;
		};
/* End PBXSourcesBuildPhase section */

/* Begin XCBuildConfiguration section */
		5E06F2BE24ED661D0030BFE6 /* Debug */ = {
			isa = XCBuildConfiguration;
			buildSettings = {
				ALWAYS_SEARCH_USER_PATHS = NO;
				CLANG_ANALYZER_NONNULL = YES;
				CLANG_ANALYZER_NUMBER_OBJECT_CONVERSION = YES_AGGRESSIVE;
				CLANG_CXX_LANGUAGE_STANDARD = "gnu++14";
				CLANG_CXX_LIBRARY = "libc++";
				CLANG_ENABLE_MODULES = YES;
				CLANG_ENABLE_OBJC_ARC = YES;
				CLANG_ENABLE_OBJC_WEAK = YES;
				CLANG_WARN_BLOCK_CAPTURE_AUTORELEASING = YES;
				CLANG_WARN_BOOL_CONVERSION = YES;
				CLANG_WARN_COMMA = YES;
				CLANG_WARN_CONSTANT_CONVERSION = YES;
				CLANG_WARN_DEPRECATED_OBJC_IMPLEMENTATIONS = YES;
				CLANG_WARN_DIRECT_OBJC_ISA_USAGE = YES_ERROR;
				CLANG_WARN_DOCUMENTATION_COMMENTS = YES;
				CLANG_WARN_EMPTY_BODY = YES;
				CLANG_WARN_ENUM_CONVERSION = YES;
				CLANG_WARN_INFINITE_RECURSION = YES;
				CLANG_WARN_INT_CONVERSION = YES;
				CLANG_WARN_NON_LITERAL_NULL_CONVERSION = YES;
				CLANG_WARN_OBJC_IMPLICIT_RETAIN_SELF = YES;
				CLANG_WARN_OBJC_LITERAL_CONVERSION = YES;
				CLANG_WARN_OBJC_ROOT_CLASS = YES_ERROR;
				CLANG_WARN_QUOTED_INCLUDE_IN_FRAMEWORK_HEADER = YES;
				CLANG_WARN_RANGE_LOOP_ANALYSIS = YES;
				CLANG_WARN_STRICT_PROTOTYPES = YES;
				CLANG_WARN_SUSPICIOUS_MOVE = YES;
				CLANG_WARN_UNGUARDED_AVAILABILITY = YES_AGGRESSIVE;
				CLANG_WARN_UNREACHABLE_CODE = YES;
				CLANG_WARN__DUPLICATE_METHOD_MATCH = YES;
				COPY_PHASE_STRIP = NO;
				DEBUG_INFORMATION_FORMAT = dwarf;
				ENABLE_STRICT_OBJC_MSGSEND = YES;
				ENABLE_TESTABILITY = YES;
				GCC_C_LANGUAGE_STANDARD = gnu11;
				GCC_DYNAMIC_NO_PIC = NO;
				GCC_NO_COMMON_BLOCKS = YES;
				GCC_OPTIMIZATION_LEVEL = 0;
				GCC_PREPROCESSOR_DEFINITIONS = (
					"DEBUG=1",
					"$(inherited)",
				);
				GCC_WARN_64_TO_32_BIT_CONVERSION = YES;
				GCC_WARN_ABOUT_RETURN_TYPE = YES_ERROR;
				GCC_WARN_UNDECLARED_SELECTOR = YES;
				GCC_WARN_UNINITIALIZED_AUTOS = YES_AGGRESSIVE;
				GCC_WARN_UNUSED_FUNCTION = YES;
				GCC_WARN_UNUSED_VARIABLE = YES;
				MTL_ENABLE_DEBUG_INFO = INCLUDE_SOURCE;
				MTL_FAST_MATH = YES;
				ONLY_ACTIVE_ARCH = YES;
				SWIFT_ACTIVE_COMPILATION_CONDITIONS = DEBUG;
				SWIFT_OPTIMIZATION_LEVEL = "-Onone";
			};
			name = Debug;
		};
		5E06F2BF24ED661D0030BFE6 /* Release */ = {
			isa = XCBuildConfiguration;
			buildSettings = {
				ALWAYS_SEARCH_USER_PATHS = NO;
				CLANG_ANALYZER_NONNULL = YES;
				CLANG_ANALYZER_NUMBER_OBJECT_CONVERSION = YES_AGGRESSIVE;
				CLANG_CXX_LANGUAGE_STANDARD = "gnu++14";
				CLANG_CXX_LIBRARY = "libc++";
				CLANG_ENABLE_MODULES = YES;
				CLANG_ENABLE_OBJC_ARC = YES;
				CLANG_ENABLE_OBJC_WEAK = YES;
				CLANG_WARN_BLOCK_CAPTURE_AUTORELEASING = YES;
				CLANG_WARN_BOOL_CONVERSION = YES;
				CLANG_WARN_COMMA = YES;
				CLANG_WARN_CONSTANT_CONVERSION = YES;
				CLANG_WARN_DEPRECATED_OBJC_IMPLEMENTATIONS = YES;
				CLANG_WARN_DIRECT_OBJC_ISA_USAGE = YES_ERROR;
				CLANG_WARN_DOCUMENTATION_COMMENTS = YES;
				CLANG_WARN_EMPTY_BODY = YES;
				CLANG_WARN_ENUM_CONVERSION = YES;
				CLANG_WARN_INFINITE_RECURSION = YES;
				CLANG_WARN_INT_CONVERSION = YES;
				CLANG_WARN_NON_LITERAL_NULL_CONVERSION = YES;
				CLANG_WARN_OBJC_IMPLICIT_RETAIN_SELF = YES;
				CLANG_WARN_OBJC_LITERAL_CONVERSION = YES;
				CLANG_WARN_OBJC_ROOT_CLASS = YES_ERROR;
				CLANG_WARN_QUOTED_INCLUDE_IN_FRAMEWORK_HEADER = YES;
				CLANG_WARN_RANGE_LOOP_ANALYSIS = YES;
				CLANG_WARN_STRICT_PROTOTYPES = YES;
				CLANG_WARN_SUSPICIOUS_MOVE = YES;
				CLANG_WARN_UNGUARDED_AVAILABILITY = YES_AGGRESSIVE;
				CLANG_WARN_UNREACHABLE_CODE = YES;
				CLANG_WARN__DUPLICATE_METHOD_MATCH = YES;
				COPY_PHASE_STRIP = NO;
				DEBUG_INFORMATION_FORMAT = "dwarf-with-dsym";
				ENABLE_NS_ASSERTIONS = NO;
				ENABLE_STRICT_OBJC_MSGSEND = YES;
				GCC_C_LANGUAGE_STANDARD = gnu11;
				GCC_NO_COMMON_BLOCKS = YES;
				GCC_WARN_64_TO_32_BIT_CONVERSION = YES;
				GCC_WARN_ABOUT_RETURN_TYPE = YES_ERROR;
				GCC_WARN_UNDECLARED_SELECTOR = YES;
				GCC_WARN_UNINITIALIZED_AUTOS = YES_AGGRESSIVE;
				GCC_WARN_UNUSED_FUNCTION = YES;
				GCC_WARN_UNUSED_VARIABLE = YES;
				MTL_ENABLE_DEBUG_INFO = NO;
				MTL_FAST_MATH = YES;
				SWIFT_COMPILATION_MODE = wholemodule;
				SWIFT_OPTIMIZATION_LEVEL = "-O";
			};
			name = Release;
		};
		5E06F2C124ED661D0030BFE6 /* Debug */ = {
			isa = XCBuildConfiguration;
			buildSettings = {
				ASSETCATALOG_COMPILER_APPICON_NAME = AppIcon;
				ASSETCATALOG_COMPILER_GLOBAL_ACCENT_COLOR_NAME = AccentColor;
				CODE_SIGN_STYLE = Automatic;
				DEVELOPMENT_TEAM = EU2PXZ65UW;
				ENABLE_PREVIEWS = YES;
				INFOPLIST_FILE = iOS/Info.plist;
				IPHONEOS_DEPLOYMENT_TARGET = 14.0;
				LD_RUNPATH_SEARCH_PATHS = (
					"$(inherited)",
					"@executable_path/Frameworks",
				);
				PRODUCT_BUNDLE_IDENTIFIER = "com.bencardy.Bricking-It";
				PRODUCT_NAME = "Bricking It";
				SDKROOT = iphoneos;
				SWIFT_VERSION = 5.0;
				TARGETED_DEVICE_FAMILY = "1,2";
			};
			name = Debug;
		};
		5E06F2C224ED661D0030BFE6 /* Release */ = {
			isa = XCBuildConfiguration;
			buildSettings = {
				ASSETCATALOG_COMPILER_APPICON_NAME = AppIcon;
				ASSETCATALOG_COMPILER_GLOBAL_ACCENT_COLOR_NAME = AccentColor;
				CODE_SIGN_STYLE = Automatic;
				DEVELOPMENT_TEAM = EU2PXZ65UW;
				ENABLE_PREVIEWS = YES;
				INFOPLIST_FILE = iOS/Info.plist;
				IPHONEOS_DEPLOYMENT_TARGET = 14.0;
				LD_RUNPATH_SEARCH_PATHS = (
					"$(inherited)",
					"@executable_path/Frameworks",
				);
				PRODUCT_BUNDLE_IDENTIFIER = "com.bencardy.Bricking-It";
				PRODUCT_NAME = "Bricking It";
				SDKROOT = iphoneos;
				SWIFT_VERSION = 5.0;
				TARGETED_DEVICE_FAMILY = "1,2";
				VALIDATE_PRODUCT = YES;
			};
			name = Release;
		};
		5E06F2C424ED661D0030BFE6 /* Debug */ = {
			isa = XCBuildConfiguration;
			buildSettings = {
				ASSETCATALOG_COMPILER_APPICON_NAME = AppIcon;
				ASSETCATALOG_COMPILER_GLOBAL_ACCENT_COLOR_NAME = AccentColor;
				CODE_SIGN_ENTITLEMENTS = macOS/macOS.entitlements;
				CODE_SIGN_STYLE = Automatic;
				COMBINE_HIDPI_IMAGES = YES;
				DEVELOPMENT_TEAM = EU2PXZ65UW;
				ENABLE_HARDENED_RUNTIME = YES;
				ENABLE_PREVIEWS = YES;
				INFOPLIST_FILE = macOS/Info.plist;
				LD_RUNPATH_SEARCH_PATHS = (
					"$(inherited)",
					"@executable_path/../Frameworks",
				);
				MACOSX_DEPLOYMENT_TARGET = 11.0;
				PRODUCT_BUNDLE_IDENTIFIER = "com.bencardy.Bricking-It";
				PRODUCT_NAME = "Bricking It";
				SDKROOT = macosx;
				SWIFT_VERSION = 5.0;
			};
			name = Debug;
		};
		5E06F2C524ED661D0030BFE6 /* Release */ = {
			isa = XCBuildConfiguration;
			buildSettings = {
				ASSETCATALOG_COMPILER_APPICON_NAME = AppIcon;
				ASSETCATALOG_COMPILER_GLOBAL_ACCENT_COLOR_NAME = AccentColor;
				CODE_SIGN_ENTITLEMENTS = macOS/macOS.entitlements;
				CODE_SIGN_STYLE = Automatic;
				COMBINE_HIDPI_IMAGES = YES;
				DEVELOPMENT_TEAM = EU2PXZ65UW;
				ENABLE_HARDENED_RUNTIME = YES;
				ENABLE_PREVIEWS = YES;
				INFOPLIST_FILE = macOS/Info.plist;
				LD_RUNPATH_SEARCH_PATHS = (
					"$(inherited)",
					"@executable_path/../Frameworks",
				);
				MACOSX_DEPLOYMENT_TARGET = 11.0;
				PRODUCT_BUNDLE_IDENTIFIER = "com.bencardy.Bricking-It";
				PRODUCT_NAME = "Bricking It";
				SDKROOT = macosx;
				SWIFT_VERSION = 5.0;
			};
			name = Release;
		};
/* End XCBuildConfiguration section */

/* Begin XCConfigurationList section */
		5E06F29C24ED661C0030BFE6 /* Build configuration list for PBXProject "Bricking It" */ = {
			isa = XCConfigurationList;
			buildConfigurations = (
				5E06F2BE24ED661D0030BFE6 /* Debug */,
				5E06F2BF24ED661D0030BFE6 /* Release */,
			);
			defaultConfigurationIsVisible = 0;
			defaultConfigurationName = Release;
		};
		5E06F2C024ED661D0030BFE6 /* Build configuration list for PBXNativeTarget "Bricking It (iOS)" */ = {
			isa = XCConfigurationList;
			buildConfigurations = (
				5E06F2C124ED661D0030BFE6 /* Debug */,
				5E06F2C224ED661D0030BFE6 /* Release */,
			);
			defaultConfigurationIsVisible = 0;
			defaultConfigurationName = Release;
		};
		5E06F2C324ED661D0030BFE6 /* Build configuration list for PBXNativeTarget "Bricking It (macOS)" */ = {
			isa = XCConfigurationList;
			buildConfigurations = (
				5E06F2C424ED661D0030BFE6 /* Debug */,
				5E06F2C524ED661D0030BFE6 /* Release */,
			);
			defaultConfigurationIsVisible = 0;
			defaultConfigurationName = Release;
		};
/* End XCConfigurationList section */

/* Begin XCVersionGroup section */
		5E06F29E24ED661C0030BFE6 /* Shared.xcdatamodeld */ = {
			isa = XCVersionGroup;
			children = (
				5E06F29F24ED661C0030BFE6 /* Shared.xcdatamodel */,
			);
			currentVersion = 5E06F29F24ED661C0030BFE6 /* Shared.xcdatamodel */;
			path = Shared.xcdatamodeld;
			sourceTree = "<group>";
			versionGroupType = wrapper.xcdatamodel;
		};
/* End XCVersionGroup section */
	};
	rootObject = 5E06F29924ED661C0030BFE6 /* Project object */;
}
